
Microsoft Visual Studio Solution File, Format Version 12.00
# Visual Studio 15
VisualStudioVersion = 15.0.27703.2035
MinimumVisualStudioVersion = 10.0.40219.1
Project("{FAE04EC0-301F-11D3-BF4B-00C04F79EFBC}") = "HotelApp", "HotelApp\HotelApp.csproj", "{8B3C377A-4706-4DA7-8D37-AA4FEDCD7203}"
EndProject
Global
	GlobalSection(SolutionConfigurationPlatforms) = preSolution
		Debug|Any CPU = Debug|Any CPU
		Release|Any CPU = Release|Any CPU
	EndGlobalSection
	GlobalSection(ProjectConfigurationPlatforms) = postSolution
		{8B3C377A-4706-4DA7-8D37-AA4FEDCD7203}.Debug|Any CPU.ActiveCfg = Debug|Any CPU
		{8B3C377A-4706-4DA7-8D37-AA4FEDCD7203}.Debug|Any CPU.Build.0 = Debug|Any CPU
		{8B3C377A-4706-4DA7-8D37-AA4FEDCD7203}.Release|Any CPU.ActiveCfg = Release|Any CPU
		{8B3C377A-4706-4DA7-8D37-AA4FEDCD7203}.Release|Any CPU.Build.0 = Release|Any CPU
	EndGlobalSection
	GlobalSection(SolutionProperties) = preSolution
		HideSolutionNode = FALSE
	EndGlobalSection
	GlobalSection(ExtensibilityGlobals) = postSolution
		SolutionGuid = {CDAFDC7E-E437-45EF-B9C5-D7900B334824}
	EndGlobalSection
EndGlobal
